
Microsoft Visual Studio Solution File, Format Version 12.00
# Visual Studio 2013
VisualStudioVersion = 12.0.31101.0
MinimumVisualStudioVersion = 10.0.40219.1
Project("{FAE04EC0-301F-11D3-BF4B-00C04F79EFBC}") = "TheDCIBabyIDE", "TheDCIBabyIDE\TheDCIBabyIDE.csproj", "{D3AABFEE-11D0-433E-80C2-4A87A09636A4}"
EndProject
Project("{2150E333-8FDC-42A3-9474-1A3956D46DE8}") = "Solution Items", "Solution Items", "{B2FC682A-8A83-4218-9539-C9B4BF0AA81A}"
EndProject
Project("{FAE04EC0-301F-11D3-BF4B-00C04F79EFBC}") = "TheDCIBabyIDE.Test", "TheDCIBabyIDE.Test\TheDCIBabyIDE.Test.csproj", "{C25614AF-0B3A-490B-9CAE-9D6A5E36963A}"
	ProjectSection(ProjectDependencies) = postProject
		{D3AABFEE-11D0-433E-80C2-4A87A09636A4} = {D3AABFEE-11D0-433E-80C2-4A87A09636A4}
	EndProjectSection
EndProject
Project("{2150E333-8FDC-42A3-9474-1A3956D46DE8}") = ".nuget", ".nuget", "{8041BDFD-3E5E-4137-89AB-21F954224382}"
	ProjectSection(SolutionItems) = preProject
		.nuget\packages.config = .nuget\packages.config
	EndProjectSection
EndProject
Global
	GlobalSection(SolutionConfigurationPlatforms) = preSolution
		Debug|Any CPU = Debug|Any CPU
		Release|Any CPU = Release|Any CPU
	EndGlobalSection
	GlobalSection(ProjectConfigurationPlatforms) = postSolution
		{D3AABFEE-11D0-433E-80C2-4A87A09636A4}.Debug|Any CPU.ActiveCfg = Debug|Any CPU
		{D3AABFEE-11D0-433E-80C2-4A87A09636A4}.Debug|Any CPU.Build.0 = Debug|Any CPU
		{D3AABFEE-11D0-433E-80C2-4A87A09636A4}.Release|Any CPU.ActiveCfg = Release|Any CPU
		{D3AABFEE-11D0-433E-80C2-4A87A09636A4}.Release|Any CPU.Build.0 = Release|Any CPU
		{C25614AF-0B3A-490B-9CAE-9D6A5E36963A}.Debug|Any CPU.ActiveCfg = Debug|Any CPU
		{C25614AF-0B3A-490B-9CAE-9D6A5E36963A}.Debug|Any CPU.Build.0 = Debug|Any CPU
		{C25614AF-0B3A-490B-9CAE-9D6A5E36963A}.Release|Any CPU.ActiveCfg = Release|Any CPU
		{C25614AF-0B3A-490B-9CAE-9D6A5E36963A}.Release|Any CPU.Build.0 = Release|Any CPU
	EndGlobalSection
	GlobalSection(SolutionProperties) = preSolution
		HideSolutionNode = FALSE
	EndGlobalSection
EndGlobal
