
Microsoft Visual Studio Solution File, Format Version 12.00
# Visual Studio Version 16
VisualStudioVersion = 16.0.28803.452
MinimumVisualStudioVersion = 10.0.40219.1
Project("{2150E333-8FDC-42A3-9474-1A3956D46DE8}") = "Solution Items", "Solution Items", "{B2FC682A-8A83-4218-9539-C9B4BF0AA81A}"
EndProject
Project("{FAE04EC0-301F-11D3-BF4B-00C04F79EFBC}") = "TheDCIBabyIDE", "TheDCIBabyIDE\TheDCIBabyIDE.csproj", "{D3AABFEE-11D0-433E-80C2-4A87A09636A4}"
EndProject
Project("{FAE04EC0-301F-11D3-BF4B-00C04F79EFBC}") = "TestTest", "TestTest\TestTest.csproj", "{530B8AA4-6C4F-441D-851B-954B9626775C}"
EndProject
Global
	GlobalSection(SolutionConfigurationPlatforms) = preSolution
		Debug|Any CPU = Debug|Any CPU
		Release|Any CPU = Release|Any CPU
	EndGlobalSection
	GlobalSection(ProjectConfigurationPlatforms) = postSolution
		{D3AABFEE-11D0-433E-80C2-4A87A09636A4}.Debug|Any CPU.ActiveCfg = Debug|Any CPU
		{D3AABFEE-11D0-433E-80C2-4A87A09636A4}.Debug|Any CPU.Build.0 = Debug|Any CPU
		{D3AABFEE-11D0-433E-80C2-4A87A09636A4}.Release|Any CPU.ActiveCfg = Release|Any CPU
		{D3AABFEE-11D0-433E-80C2-4A87A09636A4}.Release|Any CPU.Build.0 = Release|Any CPU
		{530B8AA4-6C4F-441D-851B-954B9626775C}.Debug|Any CPU.ActiveCfg = Debug|Any CPU
		{530B8AA4-6C4F-441D-851B-954B9626775C}.Debug|Any CPU.Build.0 = Debug|Any CPU
		{530B8AA4-6C4F-441D-851B-954B9626775C}.Release|Any CPU.ActiveCfg = Release|Any CPU
		{530B8AA4-6C4F-441D-851B-954B9626775C}.Release|Any CPU.Build.0 = Release|Any CPU
	EndGlobalSection
	GlobalSection(SolutionProperties) = preSolution
		HideSolutionNode = FALSE
	EndGlobalSection
	GlobalSection(NestedProjects) = preSolution
		{D3AABFEE-11D0-433E-80C2-4A87A09636A4} = {B2FC682A-8A83-4218-9539-C9B4BF0AA81A}
	EndGlobalSection
	GlobalSection(ExtensibilityGlobals) = postSolution
		SolutionGuid = {D31907B2-F2A2-4190-9966-93CE47A0AC89}
	EndGlobalSection
EndGlobal
